// !$*UTF8*$!
{
	archiveVersion = 1;
	classes = {
	};
	objectVersion = 48;
	objects = {

/* Begin PBXBuildFile section */
		DA68B5192030A4A900617BAA /* MealTableViewController.swift in Sources */ = {isa = PBXBuildFile; fileRef = DA68B5182030A4A900617BAA /* MealTableViewController.swift */; };
		DA854F87202F77CA00C59EBC /* RatingControl.swift in Sources */ = {isa = PBXBuildFile; fileRef = DA854F86202F77CA00C59EBC /* RatingControl.swift */; };
		DAB10F85203090830068CE51 /* Meal.swift in Sources */ = {isa = PBXBuildFile; fileRef = DAB10F84203090830068CE51 /* Meal.swift */; };
		DAB10F8720309D290068CE51 /* MealTableViewCell.swift in Sources */ = {isa = PBXBuildFile; fileRef = DAB10F8620309D290068CE51 /* MealTableViewCell.swift */; };
		DAFB1CAF202CD87100A29AE0 /* AppDelegate.swift in Sources */ = {isa = PBXBuildFile; fileRef = DAFB1CAE202CD87100A29AE0 /* AppDelegate.swift */; };
		DAFB1CB1202CD87100A29AE0 /* MealViewController.swift in Sources */ = {isa = PBXBuildFile; fileRef = DAFB1CB0202CD87100A29AE0 /* MealViewController.swift */; };
		DAFB1CB4202CD87100A29AE0 /* Main.storyboard in Resources */ = {isa = PBXBuildFile; fileRef = DAFB1CB2202CD87100A29AE0 /* Main.storyboard */; };
		DAFB1CB6202CD87100A29AE0 /* Assets.xcassets in Resources */ = {isa = PBXBuildFile; fileRef = DAFB1CB5202CD87100A29AE0 /* Assets.xcassets */; };
		DAFB1CB9202CD87100A29AE0 /* LaunchScreen.storyboard in Resources */ = {isa = PBXBuildFile; fileRef = DAFB1CB7202CD87100A29AE0 /* LaunchScreen.storyboard */; };
		DAFB1CC4202CD87100A29AE0 /* TestProductTests.swift in Sources */ = {isa = PBXBuildFile; fileRef = DAFB1CC3202CD87100A29AE0 /* TestProductTests.swift */; };
/* End PBXBuildFile section */

/* Begin PBXContainerItemProxy section */
		DAFB1CC0202CD87100A29AE0 /* PBXContainerItemProxy */ = {
			isa = PBXContainerItemProxy;
			containerPortal = DAFB1CA3202CD87100A29AE0 /* Project object */;
			proxyType = 1;
			remoteGlobalIDString = DAFB1CAA202CD87100A29AE0;
			remoteInfo = TestProduct;
		};
/* End PBXContainerItemProxy section */

/* Begin PBXFileReference section */
		DA68B5182030A4A900617BAA /* MealTableViewController.swift */ = {isa = PBXFileReference; lastKnownFileType = sourcecode.swift; path = MealTableViewController.swift; sourceTree = "<group>"; };
		DA854F86202F77CA00C59EBC /* RatingControl.swift */ = {isa = PBXFileReference; lastKnownFileType = sourcecode.swift; path = RatingControl.swift; sourceTree = "<group>"; };
		DAB10F84203090830068CE51 /* Meal.swift */ = {isa = PBXFileReference; lastKnownFileType = sourcecode.swift; path = Meal.swift; sourceTree = "<group>"; };
		DAB10F8620309D290068CE51 /* MealTableViewCell.swift */ = {isa = PBXFileReference; lastKnownFileType = sourcecode.swift; path = MealTableViewCell.swift; sourceTree = "<group>"; };
		DAFB1CAB202CD87100A29AE0 /* TestProduct.app */ = {isa = PBXFileReference; explicitFileType = wrapper.application; includeInIndex = 0; path = TestProduct.app; sourceTree = BUILT_PRODUCTS_DIR; };
		DAFB1CAE202CD87100A29AE0 /* AppDelegate.swift */ = {isa = PBXFileReference; lastKnownFileType = sourcecode.swift; path = AppDelegate.swift; sourceTree = "<group>"; };
		DAFB1CB0202CD87100A29AE0 /* MealViewController.swift */ = {isa = PBXFileReference; lastKnownFileType = sourcecode.swift; path = MealViewController.swift; sourceTree = "<group>"; };
		DAFB1CB3202CD87100A29AE0 /* Base */ = {isa = PBXFileReference; lastKnownFileType = file.storyboard; name = Base; path = Base.lproj/Main.storyboard; sourceTree = "<group>"; };
		DAFB1CB5202CD87100A29AE0 /* Assets.xcassets */ = {isa = PBXFileReference; lastKnownFileType = folder.assetcatalog; path = Assets.xcassets; sourceTree = "<group>"; };
		DAFB1CB8202CD87100A29AE0 /* Base */ = {isa = PBXFileReference; lastKnownFileType = file.storyboard; name = Base; path = Base.lproj/LaunchScreen.storyboard; sourceTree = "<group>"; };
		DAFB1CBA202CD87100A29AE0 /* Info.plist */ = {isa = PBXFileReference; lastKnownFileType = text.plist.xml; path = Info.plist; sourceTree = "<group>"; };
		DAFB1CBF202CD87100A29AE0 /* TestProductTests.xctest */ = {isa = PBXFileReference; explicitFileType = wrapper.cfbundle; includeInIndex = 0; path = TestProductTests.xctest; sourceTree = BUILT_PRODUCTS_DIR; };
		DAFB1CC3202CD87100A29AE0 /* TestProductTests.swift */ = {isa = PBXFileReference; lastKnownFileType = sourcecode.swift; path = TestProductTests.swift; sourceTree = "<group>"; };
		DAFB1CC5202CD87100A29AE0 /* Info.plist */ = {isa = PBXFileReference; lastKnownFileType = text.plist.xml; path = Info.plist; sourceTree = "<group>"; };
/* End PBXFileReference section */

/* Begin PBXFrameworksBuildPhase section */
		DAFB1CA8202CD87100A29AE0 /* Frameworks */ = {
			isa = PBXFrameworksBuildPhase;
			buildActionMask = 2147483647;
			files = (
			);
			runOnlyForDeploymentPostprocessing = 0;
		};
		DAFB1CBC202CD87100A29AE0 /* Frameworks */ = {
			isa = PBXFrameworksBuildPhase;
			buildActionMask = 2147483647;
			files = (
			);
			runOnlyForDeploymentPostprocessing = 0;
		};
/* End PBXFrameworksBuildPhase section */

/* Begin PBXGroup section */
		DAFB1CA2202CD87100A29AE0 = {
			isa = PBXGroup;
			children = (
				DAFB1CAD202CD87100A29AE0 /* TestProduct */,
				DAFB1CC2202CD87100A29AE0 /* TestProductTests */,
				DAFB1CAC202CD87100A29AE0 /* Products */,
			);
			sourceTree = "<group>";
		};
		DAFB1CAC202CD87100A29AE0 /* Products */ = {
			isa = PBXGroup;
			children = (
				DAFB1CAB202CD87100A29AE0 /* TestProduct.app */,
				DAFB1CBF202CD87100A29AE0 /* TestProductTests.xctest */,
			);
			name = Products;
			sourceTree = "<group>";
		};
		DAFB1CAD202CD87100A29AE0 /* TestProduct */ = {
			isa = PBXGroup;
			children = (
				DA68B5182030A4A900617BAA /* MealTableViewController.swift */,
				DAB10F8620309D290068CE51 /* MealTableViewCell.swift */,
				DAFB1CAE202CD87100A29AE0 /* AppDelegate.swift */,
				DAFB1CB0202CD87100A29AE0 /* MealViewController.swift */,
				DA854F86202F77CA00C59EBC /* RatingControl.swift */,
				DAB10F84203090830068CE51 /* Meal.swift */,
				DAFB1CB2202CD87100A29AE0 /* Main.storyboard */,
				DAFB1CB5202CD87100A29AE0 /* Assets.xcassets */,
				DAFB1CB7202CD87100A29AE0 /* LaunchScreen.storyboard */,
				DAFB1CBA202CD87100A29AE0 /* Info.plist */,
			);
			path = TestProduct;
			sourceTree = "<group>";
		};
		DAFB1CC2202CD87100A29AE0 /* TestProductTests */ = {
			isa = PBXGroup;
			children = (
				DAFB1CC3202CD87100A29AE0 /* TestProductTests.swift */,
				DAFB1CC5202CD87100A29AE0 /* Info.plist */,
			);
			path = TestProductTests;
			sourceTree = "<group>";
		};
/* End PBXGroup section */

/* Begin PBXNativeTarget section */
		DAFB1CAA202CD87100A29AE0 /* TestProduct */ = {
			isa = PBXNativeTarget;
			buildConfigurationList = DAFB1CC8202CD87100A29AE0 /* Build configuration list for PBXNativeTarget "TestProduct" */;
			buildPhases = (
				DAFB1CA7202CD87100A29AE0 /* Sources */,
				DAFB1CA8202CD87100A29AE0 /* Frameworks */,
				DAFB1CA9202CD87100A29AE0 /* Resources */,
			);
			buildRules = (
			);
			dependencies = (
			);
			name = TestProduct;
			productName = TestProduct;
			productReference = DAFB1CAB202CD87100A29AE0 /* TestProduct.app */;
			productType = "com.apple.product-type.application";
		};
		DAFB1CBE202CD87100A29AE0 /* TestProductTests */ = {
			isa = PBXNativeTarget;
			buildConfigurationList = DAFB1CCB202CD87100A29AE0 /* Build configuration list for PBXNativeTarget "TestProductTests" */;
			buildPhases = (
				DAFB1CBB202CD87100A29AE0 /* Sources */,
				DAFB1CBC202CD87100A29AE0 /* Frameworks */,
				DAFB1CBD202CD87100A29AE0 /* Resources */,
			);
			buildRules = (
			);
			dependencies = (
				DAFB1CC1202CD87100A29AE0 /* PBXTargetDependency */,
			);
			name = TestProductTests;
			productName = TestProductTests;
			productReference = DAFB1CBF202CD87100A29AE0 /* TestProductTests.xctest */;
			productType = "com.apple.product-type.bundle.unit-test";
		};
/* End PBXNativeTarget section */

/* Begin PBXProject section */
		DAFB1CA3202CD87100A29AE0 /* Project object */ = {
			isa = PBXProject;
			attributes = {
				LastSwiftUpdateCheck = 0920;
				LastUpgradeCheck = 0920;
				ORGANIZATIONNAME = sashaIOS;
				TargetAttributes = {
					DAFB1CAA202CD87100A29AE0 = {
						CreatedOnToolsVersion = 9.2;
						ProvisioningStyle = Automatic;
					};
					DAFB1CBE202CD87100A29AE0 = {
						CreatedOnToolsVersion = 9.2;
						ProvisioningStyle = Automatic;
						TestTargetID = DAFB1CAA202CD87100A29AE0;
					};
				};
			};
			buildConfigurationList = DAFB1CA6202CD87100A29AE0 /* Build configuration list for PBXProject "TestProduct" */;
			compatibilityVersion = "Xcode 8.0";
			developmentRegion = en;
			hasScannedForEncodings = 0;
			knownRegions = (
				en,
				Base,
			);
			mainGroup = DAFB1CA2202CD87100A29AE0;
			productRefGroup = DAFB1CAC202CD87100A29AE0 /* Products */;
			projectDirPath = "";
			projectRoot = "";
			targets = (
				DAFB1CAA202CD87100A29AE0 /* TestProduct */,
				DAFB1CBE202CD87100A29AE0 /* TestProductTests */,
			);
		};
/* End PBXProject section */

/* Begin PBXResourcesBuildPhase section */
		DAFB1CA9202CD87100A29AE0 /* Resources */ = {
			isa = PBXResourcesBuildPhase;
			buildActionMask = 2147483647;
			files = (
				DAFB1CB9202CD87100A29AE0 /* LaunchScreen.storyboard in Resources */,
				DAFB1CB6202CD87100A29AE0 /* Assets.xcassets in Resources */,
				DAFB1CB4202CD87100A29AE0 /* Main.storyboard in Resources */,
			);
			runOnlyForDeploymentPostprocessing = 0;
		};
		DAFB1CBD202CD87100A29AE0 /* Resources */ = {
			isa = PBXResourcesBuildPhase;
			buildActionMask = 2147483647;
			files = (
			);
			runOnlyForDeploymentPostprocessing = 0;
		};
/* End PBXResourcesBuildPhase section */

/* Begin PBXSourcesBuildPhase section */
		DAFB1CA7202CD87100A29AE0 /* Sources */ = {
			isa = PBXSourcesBuildPhase;
			buildActionMask = 2147483647;
			files = (
				DAB10F85203090830068CE51 /* Meal.swift in Sources */,
				DAFB1CB1202CD87100A29AE0 /* MealViewController.swift in Sources */,
				DA854F87202F77CA00C59EBC /* RatingControl.swift in Sources */,
				DAFB1CAF202CD87100A29AE0 /* AppDelegate.swift in Sources */,
				DA68B5192030A4A900617BAA /* MealTableViewController.swift in Sources */,
				DAB10F8720309D290068CE51 /* MealTableViewCell.swift in Sources */,
			);
			runOnlyForDeploymentPostprocessing = 0;
		};
		DAFB1CBB202CD87100A29AE0 /* Sources */ = {
			isa = PBXSourcesBuildPhase;
			buildActionMask = 2147483647;
			files = (
				DAFB1CC4202CD87100A29AE0 /* TestProductTests.swift in Sources */,
			);
			runOnlyForDeploymentPostprocessing = 0;
		};
/* End PBXSourcesBuildPhase section */

/* Begin PBXTargetDependency section */
		DAFB1CC1202CD87100A29AE0 /* PBXTargetDependency */ = {
			isa = PBXTargetDependency;
			target = DAFB1CAA202CD87100A29AE0 /* TestProduct */;
			targetProxy = DAFB1CC0202CD87100A29AE0 /* PBXContainerItemProxy */;
		};
/* End PBXTargetDependency section */

/* Begin PBXVariantGroup section */
		DAFB1CB2202CD87100A29AE0 /* Main.storyboard */ = {
			isa = PBXVariantGroup;
			children = (
				DAFB1CB3202CD87100A29AE0 /* Base */,
			);
			name = Main.storyboard;
			sourceTree = "<group>";
		};
		DAFB1CB7202CD87100A29AE0 /* LaunchScreen.storyboard */ = {
			isa = PBXVariantGroup;
			children = (
				DAFB1CB8202CD87100A29AE0 /* Base */,
			);
			name = LaunchScreen.storyboard;
			sourceTree = "<group>";
		};
/* End PBXVariantGroup section */

/* Begin XCBuildConfiguration section */
		DAFB1CC6202CD87100A29AE0 /* Debug */ = {
			isa = XCBuildConfiguration;
			buildSettings = {
				ALWAYS_SEARCH_USER_PATHS = NO;
				CLANG_ANALYZER_NONNULL = YES;
				CLANG_ANALYZER_NUMBER_OBJECT_CONVERSION = YES_AGGRESSIVE;
				CLANG_CXX_LANGUAGE_STANDARD = "gnu++14";
				CLANG_CXX_LIBRARY = "libc++";
				CLANG_ENABLE_MODULES = YES;
				CLANG_ENABLE_OBJC_ARC = YES;
				CLANG_WARN_BLOCK_CAPTURE_AUTORELEASING = YES;
				CLANG_WARN_BOOL_CONVERSION = YES;
				CLANG_WARN_COMMA = YES;
				CLANG_WARN_CONSTANT_CONVERSION = YES;
				CLANG_WARN_DIRECT_OBJC_ISA_USAGE = YES_ERROR;
				CLANG_WARN_DOCUMENTATION_COMMENTS = YES;
				CLANG_WARN_EMPTY_BODY = YES;
				CLANG_WARN_ENUM_CONVERSION = YES;
				CLANG_WARN_INFINITE_RECURSION = YES;
				CLANG_WARN_INT_CONVERSION = YES;
				CLANG_WARN_NON_LITERAL_NULL_CONVERSION = YES;
				CLANG_WARN_OBJC_LITERAL_CONVERSION = YES;
				CLANG_WARN_OBJC_ROOT_CLASS = YES_ERROR;
				CLANG_WARN_RANGE_LOOP_ANALYSIS = YES;
				CLANG_WARN_STRICT_PROTOTYPES = YES;
				CLANG_WARN_SUSPICIOUS_MOVE = YES;
				CLANG_WARN_UNGUARDED_AVAILABILITY = YES_AGGRESSIVE;
				CLANG_WARN_UNREACHABLE_CODE = YES;
				CLANG_WARN__DUPLICATE_METHOD_MATCH = YES;
				CODE_SIGN_IDENTITY = "iPhone Developer";
				COPY_PHASE_STRIP = NO;
				DEBUG_INFORMATION_FORMAT = dwarf;
				ENABLE_STRICT_OBJC_MSGSEND = YES;
				ENABLE_TESTABILITY = YES;
				GCC_C_LANGUAGE_STANDARD = gnu11;
				GCC_DYNAMIC_NO_PIC = NO;
				GCC_NO_COMMON_BLOCKS = YES;
				GCC_OPTIMIZATION_LEVEL = 0;
				GCC_PREPROCESSOR_DEFINITIONS = (
					"DEBUG=1",
					"$(inherited)",
				);
				GCC_WARN_64_TO_32_BIT_CONVERSION = YES;
				GCC_WARN_ABOUT_RETURN_TYPE = YES_ERROR;
				GCC_WARN_UNDECLARED_SELECTOR = YES;
				GCC_WARN_UNINITIALIZED_AUTOS = YES_AGGRESSIVE;
				GCC_WARN_UNUSED_FUNCTION = YES;
				GCC_WARN_UNUSED_VARIABLE = YES;
				IPHONEOS_DEPLOYMENT_TARGET = 11.2;
				MTL_ENABLE_DEBUG_INFO = YES;
				ONLY_ACTIVE_ARCH = YES;
				SDKROOT = iphoneos;
				SWIFT_ACTIVE_COMPILATION_CONDITIONS = DEBUG;
				SWIFT_OPTIMIZATION_LEVEL = "-Onone";
			};
			name = Debug;
		};
		DAFB1CC7202CD87100A29AE0 /* Release */ = {
			isa = XCBuildConfiguration;
			buildSettings = {
				ALWAYS_SEARCH_USER_PATHS = NO;
				CLANG_ANALYZER_NONNULL = YES;
				CLANG_ANALYZER_NUMBER_OBJECT_CONVERSION = YES_AGGRESSIVE;
				CLANG_CXX_LANGUAGE_STANDARD = "gnu++14";
				CLANG_CXX_LIBRARY = "libc++";
				CLANG_ENABLE_MODULES = YES;
				CLANG_ENABLE_OBJC_ARC = YES;
				CLANG_WARN_BLOCK_CAPTURE_AUTORELEASING = YES;
				CLANG_WARN_BOOL_CONVERSION = YES;
				CLANG_WARN_COMMA = YES;
				CLANG_WARN_CONSTANT_CONVERSION = YES;
				CLANG_WARN_DIRECT_OBJC_ISA_USAGE = YES_ERROR;
				CLANG_WARN_DOCUMENTATION_COMMENTS = YES;
				CLANG_WARN_EMPTY_BODY = YES;
				CLANG_WARN_ENUM_CONVERSION = YES;
				CLANG_WARN_INFINITE_RECURSION = YES;
				CLANG_WARN_INT_CONVERSION = YES;
				CLANG_WARN_NON_LITERAL_NULL_CONVERSION = YES;
				CLANG_WARN_OBJC_LITERAL_CONVERSION = YES;
				CLANG_WARN_OBJC_ROOT_CLASS = YES_ERROR;
				CLANG_WARN_RANGE_LOOP_ANALYSIS = YES;
				CLANG_WARN_STRICT_PROTOTYPES = YES;
				CLANG_WARN_SUSPICIOUS_MOVE = YES;
				CLANG_WARN_UNGUARDED_AVAILABILITY = YES_AGGRESSIVE;
				CLANG_WARN_UNREACHABLE_CODE = YES;
				CLANG_WARN__DUPLICATE_METHOD_MATCH = YES;
				CODE_SIGN_IDENTITY = "iPhone Developer";
				COPY_PHASE_STRIP = NO;
				DEBUG_INFORMATION_FORMAT = "dwarf-with-dsym";
				ENABLE_NS_ASSERTIONS = NO;
				ENABLE_STRICT_OBJC_MSGSEND = YES;
				GCC_C_LANGUAGE_STANDARD = gnu11;
				GCC_NO_COMMON_BLOCKS = YES;
				GCC_WARN_64_TO_32_BIT_CONVERSION = YES;
				GCC_WARN_ABOUT_RETURN_TYPE = YES_ERROR;
				GCC_WARN_UNDECLARED_SELECTOR = YES;
				GCC_WARN_UNINITIALIZED_AUTOS = YES_AGGRESSIVE;
				GCC_WARN_UNUSED_FUNCTION = YES;
				GCC_WARN_UNUSED_VARIABLE = YES;
				IPHONEOS_DEPLOYMENT_TARGET = 11.2;
				MTL_ENABLE_DEBUG_INFO = NO;
				SDKROOT = iphoneos;
				SWIFT_OPTIMIZATION_LEVEL = "-Owholemodule";
				VALIDATE_PRODUCT = YES;
			};
			name = Release;
		};
		DAFB1CC9202CD87100A29AE0 /* Debug */ = {
			isa = XCBuildConfiguration;
			buildSettings = {
				ASSETCATALOG_COMPILER_APPICON_NAME = AppIcon;
				"CODE_SIGN_IDENTITY[sdk=iphoneos*]" = "iPhone Developer";
				CODE_SIGN_STYLE = Automatic;
				DEVELOPMENT_TEAM = "";
				INFOPLIST_FILE = TestProduct/Info.plist;
				IPHONEOS_DEPLOYMENT_TARGET = 11.2;
				LD_RUNPATH_SEARCH_PATHS = "$(inherited) @executable_path/Frameworks";
				PRODUCT_BUNDLE_IDENTIFIER = sashaIOS.TestProduct;
				PRODUCT_NAME = "$(TARGET_NAME)";
				PROVISIONING_PROFILE_SPECIFIER = "";
				SWIFT_VERSION = 4.0;
				TARGETED_DEVICE_FAMILY = 1;
			};
			name = Debug;
		};
		DAFB1CCA202CD87100A29AE0 /* Release */ = {
			isa = XCBuildConfiguration;
			buildSettings = {
				ASSETCATALOG_COMPILER_APPICON_NAME = AppIcon;
				"CODE_SIGN_IDENTITY[sdk=iphoneos*]" = "iPhone Developer";
				CODE_SIGN_STYLE = Automatic;
				DEVELOPMENT_TEAM = "";
				INFOPLIST_FILE = TestProduct/Info.plist;
				IPHONEOS_DEPLOYMENT_TARGET = 11.2;
				LD_RUNPATH_SEARCH_PATHS = "$(inherited) @executable_path/Frameworks";
				PRODUCT_BUNDLE_IDENTIFIER = sashaIOS.TestProduct;
				PRODUCT_NAME = "$(TARGET_NAME)";
				PROVISIONING_PROFILE_SPECIFIER = "";
				SWIFT_VERSION = 4.0;
				TARGETED_DEVICE_FAMILY = 1;
			};
			name = Release;
		};
		DAFB1CCC202CD87100A29AE0 /* Debug */ = {
			isa = XCBuildConfiguration;
			buildSettings = {
				ALWAYS_EMBED_SWIFT_STANDARD_LIBRARIES = YES;
				BUNDLE_LOADER = "$(TEST_HOST)";
				CODE_SIGN_STYLE = Automatic;
				INFOPLIST_FILE = TestProductTests/Info.plist;
				LD_RUNPATH_SEARCH_PATHS = "$(inherited) @executable_path/Frameworks @loader_path/Frameworks";
				PRODUCT_BUNDLE_IDENTIFIER = sashaIOS.TestProductTests;
				PRODUCT_NAME = "$(TARGET_NAME)";
				SWIFT_VERSION = 4.0;
				TARGETED_DEVICE_FAMILY = "1,2";
				TEST_HOST = "$(BUILT_PRODUCTS_DIR)/TestProduct.app/TestProduct";
			};
			name = Debug;
		};
		DAFB1CCD202CD87100A29AE0 /* Release */ = {
			isa = XCBuildConfiguration;
			buildSettings = {
				ALWAYS_EMBED_SWIFT_STANDARD_LIBRARIES = YES;
				BUNDLE_LOADER = "$(TEST_HOST)";
				CODE_SIGN_STYLE = Automatic;
				INFOPLIST_FILE = TestProductTests/Info.plist;
				LD_RUNPATH_SEARCH_PATHS = "$(inherited) @executable_path/Frameworks @loader_path/Frameworks";
				PRODUCT_BUNDLE_IDENTIFIER = sashaIOS.TestProductTests;
				PRODUCT_NAME = "$(TARGET_NAME)";
				SWIFT_VERSION = 4.0;
				TARGETED_DEVICE_FAMILY = "1,2";
				TEST_HOST = "$(BUILT_PRODUCTS_DIR)/TestProduct.app/TestProduct";
			};
			name = Release;
		};
/* End XCBuildConfiguration section */

/* Begin XCConfigurationList section */
		DAFB1CA6202CD87100A29AE0 /* Build configuration list for PBXProject "TestProduct" */ = {
			isa = XCConfigurationList;
			buildConfigurations = (
				DAFB1CC6202CD87100A29AE0 /* Debug */,
				DAFB1CC7202CD87100A29AE0 /* Release */,
			);
			defaultConfigurationIsVisible = 0;
			defaultConfigurationName = Release;
		};
		DAFB1CC8202CD87100A29AE0 /* Build configuration list for PBXNativeTarget "TestProduct" */ = {
			isa = XCConfigurationList;
			buildConfigurations = (
				DAFB1CC9202CD87100A29AE0 /* Debug */,
				DAFB1CCA202CD87100A29AE0 /* Release */,
			);
			defaultConfigurationIsVisible = 0;
			defaultConfigurationName = Release;
		};
		DAFB1CCB202CD87100A29AE0 /* Build configuration list for PBXNativeTarget "TestProductTests" */ = {
			isa = XCConfigurationList;
			buildConfigurations = (
				DAFB1CCC202CD87100A29AE0 /* Debug */,
				DAFB1CCD202CD87100A29AE0 /* Release */,
			);
			defaultConfigurationIsVisible = 0;
			defaultConfigurationName = Release;
		};
/* End XCConfigurationList section */
	};
	rootObject = DAFB1CA3202CD87100A29AE0 /* Project object */;
}
